
Microsoft Visual Studio Solution File, Format Version 12.00
# Visual Studio Version 17
VisualStudioVersion = 17.7.34031.279
MinimumVisualStudioVersion = 10.0.40219.1
Project("{E24C65DC-7377-472B-9ABA-BC803B73C61A}") = "API_MODULE_TEMPLATE", "API_MODULE_TEMPLATE\", "{82A94413-E6FB-406F-9600-3A6DF9C19195}"
	ProjectSection(WebsiteProperties) = preProject
		TargetFrameworkMoniker = ".NETFramework,Version%3Dv4.7.2"
		Debug.AspNetCompiler.VirtualPath = "/localhost_54380"
		Debug.AspNetCompiler.PhysicalPath = "API_MODULE_TEMPLATE\"
		Debug.AspNetCompiler.TargetPath = "PrecompiledWeb\localhost_54380\"
		Debug.AspNetCompiler.Updateable = "true"
		Debug.AspNetCompiler.ForceOverwrite = "true"
		Debug.AspNetCompiler.FixedNames = "false"
		Debug.AspNetCompiler.Debug = "True"
		Release.AspNetCompiler.VirtualPath = "/localhost_54380"
		Release.AspNetCompiler.PhysicalPath = "API_MODULE_TEMPLATE\"
		Release.AspNetCompiler.TargetPath = "PrecompiledWeb\localhost_54380\"
		Release.AspNetCompiler.Updateable = "true"
		Release.AspNetCompiler.ForceOverwrite = "true"
		Release.AspNetCompiler.FixedNames = "false"
		Release.AspNetCompiler.Debug = "False"
		VWDPort = "54380"
		SlnRelativePath = "API_MODULE_TEMPLATE\"
		DefaultWebSiteLanguage = "Visual C#"
	EndProjectSection
EndProject
Global
	GlobalSection(SolutionConfigurationPlatforms) = preSolution
		Debug|Any CPU = Debug|Any CPU
	EndGlobalSection
	GlobalSection(ProjectConfigurationPlatforms) = postSolution
		{82A94413-E6FB-406F-9600-3A6DF9C19195}.Debug|Any CPU.ActiveCfg = Debug|Any CPU
		{82A94413-E6FB-406F-9600-3A6DF9C19195}.Debug|Any CPU.Build.0 = Debug|Any CPU
	EndGlobalSection
	GlobalSection(SolutionProperties) = preSolution
		HideSolutionNode = FALSE
	EndGlobalSection
	GlobalSection(ExtensibilityGlobals) = postSolution
		SolutionGuid = {901DDFBA-F46D-4975-88C5-66CEF2BA61A5}
	EndGlobalSection
EndGlobal
