
Microsoft Visual Studio Solution File, Format Version 12.00
# Visual Studio Version 17
VisualStudioVersion = 17.10.34916.146
MinimumVisualStudioVersion = 10.0.40219.1
Project("{FAE04EC0-301F-11D3-BF4B-00C04F79EFBC}") = "API_Corresponsales", "API_Corresponsales\API_Corresponsales.csproj", "{E972093E-9D27-4B84-9886-14925CC7F287}"
EndProject
Global
	GlobalSection(SolutionConfigurationPlatforms) = preSolution
		Debug|Any CPU = Debug|Any CPU
		Release|Any CPU = Release|Any CPU
	EndGlobalSection
	GlobalSection(ProjectConfigurationPlatforms) = postSolution
		{E972093E-9D27-4B84-9886-14925CC7F287}.Debug|Any CPU.ActiveCfg = Debug|Any CPU
		{E972093E-9D27-4B84-9886-14925CC7F287}.Debug|Any CPU.Build.0 = Debug|Any CPU
		{E972093E-9D27-4B84-9886-14925CC7F287}.Release|Any CPU.ActiveCfg = Release|Any CPU
		{E972093E-9D27-4B84-9886-14925CC7F287}.Release|Any CPU.Build.0 = Release|Any CPU
	EndGlobalSection
	GlobalSection(SolutionProperties) = preSolution
		HideSolutionNode = FALSE
	EndGlobalSection
	GlobalSection(ExtensibilityGlobals) = postSolution
		SolutionGuid = {FA81E97D-064E-4899-A292-13B4BD54225A}
	EndGlobalSection
EndGlobal
